
Microsoft Visual Studio Solution File, Format Version 12.00
# Visual Studio 15
VisualStudioVersion = 15.0.28307.421
MinimumVisualStudioVersion = 10.0.40219.1
Project("{FAE04EC0-301F-11D3-BF4B-00C04F79EFBC}") = "CluedInLibrary", "CluedInLibrary\CluedInLibrary.csproj", "{20782108-E81F-47E4-86A7-7B1F90B00260}"
EndProject
Project("{FAE04EC0-301F-11D3-BF4B-00C04F79EFBC}") = "CluedInConsole", "CluedInConsole\CluedInConsole.csproj", "{488764AE-D2A4-4B19-8095-AA75ED8610A5}"
EndProject
Global
	GlobalSection(SolutionConfigurationPlatforms) = preSolution
		Debug|Any CPU = Debug|Any CPU
		Release|Any CPU = Release|Any CPU
	EndGlobalSection
	GlobalSection(ProjectConfigurationPlatforms) = postSolution
		{20782108-E81F-47E4-86A7-7B1F90B00260}.Debug|Any CPU.ActiveCfg = Debug|Any CPU
		{20782108-E81F-47E4-86A7-7B1F90B00260}.Debug|Any CPU.Build.0 = Debug|Any CPU
		{20782108-E81F-47E4-86A7-7B1F90B00260}.Release|Any CPU.ActiveCfg = Release|Any CPU
		{20782108-E81F-47E4-86A7-7B1F90B00260}.Release|Any CPU.Build.0 = Release|Any CPU
		{488764AE-D2A4-4B19-8095-AA75ED8610A5}.Debug|Any CPU.ActiveCfg = Debug|Any CPU
		{488764AE-D2A4-4B19-8095-AA75ED8610A5}.Debug|Any CPU.Build.0 = Debug|Any CPU
		{488764AE-D2A4-4B19-8095-AA75ED8610A5}.Release|Any CPU.ActiveCfg = Release|Any CPU
		{488764AE-D2A4-4B19-8095-AA75ED8610A5}.Release|Any CPU.Build.0 = Release|Any CPU
	EndGlobalSection
	GlobalSection(SolutionProperties) = preSolution
		HideSolutionNode = FALSE
	EndGlobalSection
	GlobalSection(ExtensibilityGlobals) = postSolution
		SolutionGuid = {F8AB39EB-57F7-45E3-976D-3C307AB0E967}
	EndGlobalSection
EndGlobal
